// !$*UTF8*$!
{
	archiveVersion = 1;
	classes = {
	};
	objectVersion = 56;
	objects = {

/* Begin PBXBuildFile section */
		2F02500A2B040599004DF219 /* MusicSelection.swift in Sources */ = {isa = PBXBuildFile; fileRef = 2F0250092B040599004DF219 /* MusicSelection.swift */; };
		2F71613B2AD49D8700A6EB5D /* api-configurations.swift in Sources */ = {isa = PBXBuildFile; fileRef = 2F71613A2AD49D8700A6EB5D /* api-configurations.swift */; };
		2F71613D2AD49E0E00A6EB5D /* FirstScreen.swift in Sources */ = {isa = PBXBuildFile; fileRef = 2F71613C2AD49E0E00A6EB5D /* FirstScreen.swift */; };
		2F71613F2AD49E3C00A6EB5D /* SecondScreen.swift in Sources */ = {isa = PBXBuildFile; fileRef = 2F71613E2AD49E3C00A6EB5D /* SecondScreen.swift */; };
		2F8B92682AD5A88A00609C80 /* SwiftWhisper in Frameworks */ = {isa = PBXBuildFile; productRef = 2F8B92672AD5A88A00609C80 /* SwiftWhisper */; };
		2FBB0CA42B015AFF00F259EF /* AudioHelpers.swift in Sources */ = {isa = PBXBuildFile; fileRef = 2FBB0CA32B015AFF00F259EF /* AudioHelpers.swift */; };
		2FBB0CA62B015C2C00F259EF /* RecordingManager.swift in Sources */ = {isa = PBXBuildFile; fileRef = 2FBB0CA52B015C2C00F259EF /* RecordingManager.swift */; };
		2FD363082AD479F200B9EBF3 /* ElevenlabsSwift in Frameworks */ = {isa = PBXBuildFile; productRef = 2FD363072AD479F200B9EBF3 /* ElevenlabsSwift */; };
		2FDB38502AD27C02000725F5 /* test_gptApp.swift in Sources */ = {isa = PBXBuildFile; fileRef = 2FDB384F2AD27C02000725F5 /* test_gptApp.swift */; };
		2FDB38522AD27C02000725F5 /* ContentView.swift in Sources */ = {isa = PBXBuildFile; fileRef = 2FDB38512AD27C02000725F5 /* ContentView.swift */; };
		2FDB38542AD27C04000725F5 /* Assets.xcassets in Resources */ = {isa = PBXBuildFile; fileRef = 2FDB38532AD27C04000725F5 /* Assets.xcassets */; };
		2FDB38572AD27C04000725F5 /* Preview Assets.xcassets in Resources */ = {isa = PBXBuildFile; fileRef = 2FDB38562AD27C04000725F5 /* Preview Assets.xcassets */; };
		2FDB38592AD27C04000725F5 /* Persistence.swift in Sources */ = {isa = PBXBuildFile; fileRef = 2FDB38582AD27C04000725F5 /* Persistence.swift */; };
		2FDB385C2AD27C04000725F5 /* test_gpt.xcdatamodeld in Sources */ = {isa = PBXBuildFile; fileRef = 2FDB385A2AD27C04000725F5 /* test_gpt.xcdatamodeld */; };
		2FDB38682AD27C04000725F5 /* test_gptTests.swift in Sources */ = {isa = PBXBuildFile; fileRef = 2FDB38672AD27C04000725F5 /* test_gptTests.swift */; };
		2FDB38722AD27C04000725F5 /* test_gptUITests.swift in Sources */ = {isa = PBXBuildFile; fileRef = 2FDB38712AD27C04000725F5 /* test_gptUITests.swift */; };
		2FDB38742AD27C04000725F5 /* test_gptUITestsLaunchTests.swift in Sources */ = {isa = PBXBuildFile; fileRef = 2FDB38732AD27C04000725F5 /* test_gptUITestsLaunchTests.swift */; };
		2FDB38822AD2804F000725F5 /* OpenAI in Frameworks */ = {isa = PBXBuildFile; productRef = 2FDB38812AD2804F000725F5 /* OpenAI */; };
/* End PBXBuildFile section */

/* Begin PBXContainerItemProxy section */
		2FDB38642AD27C04000725F5 /* PBXContainerItemProxy */ = {
			isa = PBXContainerItemProxy;
			containerPortal = 2FDB38442AD27C02000725F5 /* Project object */;
			proxyType = 1;
			remoteGlobalIDString = 2FDB384B2AD27C02000725F5;
			remoteInfo = "test-gpt";
		};
		2FDB386E2AD27C04000725F5 /* PBXContainerItemProxy */ = {
			isa = PBXContainerItemProxy;
			containerPortal = 2FDB38442AD27C02000725F5 /* Project object */;
			proxyType = 1;
			remoteGlobalIDString = 2FDB384B2AD27C02000725F5;
			remoteInfo = "test-gpt";
		};
/* End PBXContainerItemProxy section */

/* Begin PBXFileReference section */
		2F0250092B040599004DF219 /* MusicSelection.swift */ = {isa = PBXFileReference; lastKnownFileType = sourcecode.swift; path = MusicSelection.swift; sourceTree = "<group>"; };
		2F71613A2AD49D8700A6EB5D /* api-configurations.swift */ = {isa = PBXFileReference; lastKnownFileType = sourcecode.swift; path = "api-configurations.swift"; sourceTree = "<group>"; };
		2F71613C2AD49E0E00A6EB5D /* FirstScreen.swift */ = {isa = PBXFileReference; lastKnownFileType = sourcecode.swift; path = FirstScreen.swift; sourceTree = "<group>"; };
		2F71613E2AD49E3C00A6EB5D /* SecondScreen.swift */ = {isa = PBXFileReference; lastKnownFileType = sourcecode.swift; path = SecondScreen.swift; sourceTree = "<group>"; };
		2FBB0CA32B015AFF00F259EF /* AudioHelpers.swift */ = {isa = PBXFileReference; lastKnownFileType = sourcecode.swift; path = AudioHelpers.swift; sourceTree = "<group>"; };
		2FBB0CA52B015C2C00F259EF /* RecordingManager.swift */ = {isa = PBXFileReference; lastKnownFileType = sourcecode.swift; path = RecordingManager.swift; sourceTree = "<group>"; };
		2FDB384C2AD27C02000725F5 /* test-gpt.app */ = {isa = PBXFileReference; explicitFileType = wrapper.application; includeInIndex = 0; path = "test-gpt.app"; sourceTree = BUILT_PRODUCTS_DIR; };
		2FDB384F2AD27C02000725F5 /* test_gptApp.swift */ = {isa = PBXFileReference; lastKnownFileType = sourcecode.swift; path = test_gptApp.swift; sourceTree = "<group>"; };
		2FDB38512AD27C02000725F5 /* ContentView.swift */ = {isa = PBXFileReference; lastKnownFileType = sourcecode.swift; path = ContentView.swift; sourceTree = "<group>"; };
		2FDB38532AD27C04000725F5 /* Assets.xcassets */ = {isa = PBXFileReference; lastKnownFileType = folder.assetcatalog; path = Assets.xcassets; sourceTree = "<group>"; };
		2FDB38562AD27C04000725F5 /* Preview Assets.xcassets */ = {isa = PBXFileReference; lastKnownFileType = folder.assetcatalog; path = "Preview Assets.xcassets"; sourceTree = "<group>"; };
		2FDB38582AD27C04000725F5 /* Persistence.swift */ = {isa = PBXFileReference; lastKnownFileType = sourcecode.swift; path = Persistence.swift; sourceTree = "<group>"; };
		2FDB385B2AD27C04000725F5 /* test_gpt.xcdatamodel */ = {isa = PBXFileReference; lastKnownFileType = wrapper.xcdatamodel; path = test_gpt.xcdatamodel; sourceTree = "<group>"; };
		2FDB385D2AD27C04000725F5 /* test_gpt.entitlements */ = {isa = PBXFileReference; lastKnownFileType = text.plist.entitlements; path = test_gpt.entitlements; sourceTree = "<group>"; };
		2FDB385E2AD27C04000725F5 /* Info.plist */ = {isa = PBXFileReference; lastKnownFileType = text.plist.xml; path = Info.plist; sourceTree = "<group>"; };
		2FDB38632AD27C04000725F5 /* test-gptTests.xctest */ = {isa = PBXFileReference; explicitFileType = wrapper.cfbundle; includeInIndex = 0; path = "test-gptTests.xctest"; sourceTree = BUILT_PRODUCTS_DIR; };
		2FDB38672AD27C04000725F5 /* test_gptTests.swift */ = {isa = PBXFileReference; lastKnownFileType = sourcecode.swift; path = test_gptTests.swift; sourceTree = "<group>"; };
		2FDB386D2AD27C04000725F5 /* test-gptUITests.xctest */ = {isa = PBXFileReference; explicitFileType = wrapper.cfbundle; includeInIndex = 0; path = "test-gptUITests.xctest"; sourceTree = BUILT_PRODUCTS_DIR; };
		2FDB38712AD27C04000725F5 /* test_gptUITests.swift */ = {isa = PBXFileReference; lastKnownFileType = sourcecode.swift; path = test_gptUITests.swift; sourceTree = "<group>"; };
		2FDB38732AD27C04000725F5 /* test_gptUITestsLaunchTests.swift */ = {isa = PBXFileReference; lastKnownFileType = sourcecode.swift; path = test_gptUITestsLaunchTests.swift; sourceTree = "<group>"; };
/* End PBXFileReference section */

/* Begin PBXFrameworksBuildPhase section */
		2FDB38492AD27C02000725F5 /* Frameworks */ = {
			isa = PBXFrameworksBuildPhase;
			buildActionMask = 2147483647;
			files = (
				2FDB38822AD2804F000725F5 /* OpenAI in Frameworks */,
				2FD363082AD479F200B9EBF3 /* ElevenlabsSwift in Frameworks */,
				2F8B92682AD5A88A00609C80 /* SwiftWhisper in Frameworks */,
			);
			runOnlyForDeploymentPostprocessing = 0;
		};
		2FDB38602AD27C04000725F5 /* Frameworks */ = {
			isa = PBXFrameworksBuildPhase;
			buildActionMask = 2147483647;
			files = (
			);
			runOnlyForDeploymentPostprocessing = 0;
		};
		2FDB386A2AD27C04000725F5 /* Frameworks */ = {
			isa = PBXFrameworksBuildPhase;
			buildActionMask = 2147483647;
			files = (
			);
			runOnlyForDeploymentPostprocessing = 0;
		};
/* End PBXFrameworksBuildPhase section */

/* Begin PBXGroup section */
		2FDB38432AD27C02000725F5 = {
			isa = PBXGroup;
			children = (
				2FDB384E2AD27C02000725F5 /* test-gpt */,
				2FDB38662AD27C04000725F5 /* test-gptTests */,
				2FDB38702AD27C04000725F5 /* test-gptUITests */,
				2FDB384D2AD27C02000725F5 /* Products */,
			);
			sourceTree = "<group>";
		};
		2FDB384D2AD27C02000725F5 /* Products */ = {
			isa = PBXGroup;
			children = (
				2FDB384C2AD27C02000725F5 /* test-gpt.app */,
				2FDB38632AD27C04000725F5 /* test-gptTests.xctest */,
				2FDB386D2AD27C04000725F5 /* test-gptUITests.xctest */,
			);
			name = Products;
			sourceTree = "<group>";
		};
		2FDB384E2AD27C02000725F5 /* test-gpt */ = {
			isa = PBXGroup;
			children = (
				2FDB384F2AD27C02000725F5 /* test_gptApp.swift */,
				2FDB38512AD27C02000725F5 /* ContentView.swift */,
				2FBB0CA52B015C2C00F259EF /* RecordingManager.swift */,
				2FBB0CA32B015AFF00F259EF /* AudioHelpers.swift */,
				2F71613C2AD49E0E00A6EB5D /* FirstScreen.swift */,
				2F71613E2AD49E3C00A6EB5D /* SecondScreen.swift */,
				2F0250092B040599004DF219 /* MusicSelection.swift */,
				2F71613A2AD49D8700A6EB5D /* api-configurations.swift */,
				2FDB38582AD27C04000725F5 /* Persistence.swift */,
				2FDB385D2AD27C04000725F5 /* test_gpt.entitlements */,
				2FDB385E2AD27C04000725F5 /* Info.plist */,
				2FDB385A2AD27C04000725F5 /* test_gpt.xcdatamodeld */,
				2FDB38532AD27C04000725F5 /* Assets.xcassets */,
				2FDB38552AD27C04000725F5 /* Preview Content */,
			);
			path = "test-gpt";
			sourceTree = "<group>";
		};
		2FDB38552AD27C04000725F5 /* Preview Content */ = {
			isa = PBXGroup;
			children = (
				2FDB38562AD27C04000725F5 /* Preview Assets.xcassets */,
			);
			path = "Preview Content";
			sourceTree = "<group>";
		};
		2FDB38662AD27C04000725F5 /* test-gptTests */ = {
			isa = PBXGroup;
			children = (
				2FDB38672AD27C04000725F5 /* test_gptTests.swift */,
			);
			path = "test-gptTests";
			sourceTree = "<group>";
		};
		2FDB38702AD27C04000725F5 /* test-gptUITests */ = {
			isa = PBXGroup;
			children = (
				2FDB38712AD27C04000725F5 /* test_gptUITests.swift */,
				2FDB38732AD27C04000725F5 /* test_gptUITestsLaunchTests.swift */,
			);
			path = "test-gptUITests";
			sourceTree = "<group>";
		};
/* End PBXGroup section */

/* Begin PBXNativeTarget section */
		2FDB384B2AD27C02000725F5 /* test-gpt */ = {
			isa = PBXNativeTarget;
			buildConfigurationList = 2FDB38772AD27C04000725F5 /* Build configuration list for PBXNativeTarget "test-gpt" */;
			buildPhases = (
				2FDB38482AD27C02000725F5 /* Sources */,
				2FDB38492AD27C02000725F5 /* Frameworks */,
				2FDB384A2AD27C02000725F5 /* Resources */,
			);
			buildRules = (
			);
			dependencies = (
			);
			name = "test-gpt";
			packageProductDependencies = (
				2FDB38812AD2804F000725F5 /* OpenAI */,
				2FD363072AD479F200B9EBF3 /* ElevenlabsSwift */,
				2F8B92672AD5A88A00609C80 /* SwiftWhisper */,
			);
			productName = "test-gpt";
			productReference = 2FDB384C2AD27C02000725F5 /* test-gpt.app */;
			productType = "com.apple.product-type.application";
		};
		2FDB38622AD27C04000725F5 /* test-gptTests */ = {
			isa = PBXNativeTarget;
			buildConfigurationList = 2FDB387A2AD27C04000725F5 /* Build configuration list for PBXNativeTarget "test-gptTests" */;
			buildPhases = (
				2FDB385F2AD27C04000725F5 /* Sources */,
				2FDB38602AD27C04000725F5 /* Frameworks */,
				2FDB38612AD27C04000725F5 /* Resources */,
			);
			buildRules = (
			);
			dependencies = (
				2FDB38652AD27C04000725F5 /* PBXTargetDependency */,
			);
			name = "test-gptTests";
			productName = "test-gptTests";
			productReference = 2FDB38632AD27C04000725F5 /* test-gptTests.xctest */;
			productType = "com.apple.product-type.bundle.unit-test";
		};
		2FDB386C2AD27C04000725F5 /* test-gptUITests */ = {
			isa = PBXNativeTarget;
			buildConfigurationList = 2FDB387D2AD27C04000725F5 /* Build configuration list for PBXNativeTarget "test-gptUITests" */;
			buildPhases = (
				2FDB38692AD27C04000725F5 /* Sources */,
				2FDB386A2AD27C04000725F5 /* Frameworks */,
				2FDB386B2AD27C04000725F5 /* Resources */,
			);
			buildRules = (
			);
			dependencies = (
				2FDB386F2AD27C04000725F5 /* PBXTargetDependency */,
			);
			name = "test-gptUITests";
			productName = "test-gptUITests";
			productReference = 2FDB386D2AD27C04000725F5 /* test-gptUITests.xctest */;
			productType = "com.apple.product-type.bundle.ui-testing";
		};
/* End PBXNativeTarget section */

/* Begin PBXProject section */
		2FDB38442AD27C02000725F5 /* Project object */ = {
			isa = PBXProject;
			attributes = {
				BuildIndependentTargetsInParallel = 1;
				LastSwiftUpdateCheck = 1500;
				LastUpgradeCheck = 1500;
				TargetAttributes = {
					2FDB384B2AD27C02000725F5 = {
						CreatedOnToolsVersion = 15.0;
					};
					2FDB38622AD27C04000725F5 = {
						CreatedOnToolsVersion = 15.0;
						TestTargetID = 2FDB384B2AD27C02000725F5;
					};
					2FDB386C2AD27C04000725F5 = {
						CreatedOnToolsVersion = 15.0;
						TestTargetID = 2FDB384B2AD27C02000725F5;
					};
				};
			};
			buildConfigurationList = 2FDB38472AD27C02000725F5 /* Build configuration list for PBXProject "test-gpt" */;
			compatibilityVersion = "Xcode 14.0";
			developmentRegion = en;
			hasScannedForEncodings = 0;
			knownRegions = (
				en,
				Base,
			);
			mainGroup = 2FDB38432AD27C02000725F5;
			packageReferences = (
				2FDB38802AD2804F000725F5 /* XCRemoteSwiftPackageReference "OpenAI" */,
				2FD363062AD479F200B9EBF3 /* XCRemoteSwiftPackageReference "ElevenlabsSwift" */,
				2F8B92662AD5A88A00609C80 /* XCRemoteSwiftPackageReference "SwiftWhisper" */,
			);
			productRefGroup = 2FDB384D2AD27C02000725F5 /* Products */;
			projectDirPath = "";
			projectRoot = "";
			targets = (
				2FDB384B2AD27C02000725F5 /* test-gpt */,
				2FDB38622AD27C04000725F5 /* test-gptTests */,
				2FDB386C2AD27C04000725F5 /* test-gptUITests */,
			);
		};
/* End PBXProject section */

/* Begin PBXResourcesBuildPhase section */
		2FDB384A2AD27C02000725F5 /* Resources */ = {
			isa = PBXResourcesBuildPhase;
			buildActionMask = 2147483647;
			files = (
				2FDB38572AD27C04000725F5 /* Preview Assets.xcassets in Resources */,
				2FDB38542AD27C04000725F5 /* Assets.xcassets in Resources */,
			);
			runOnlyForDeploymentPostprocessing = 0;
		};
		2FDB38612AD27C04000725F5 /* Resources */ = {
			isa = PBXResourcesBuildPhase;
			buildActionMask = 2147483647;
			files = (
			);
			runOnlyForDeploymentPostprocessing = 0;
		};
		2FDB386B2AD27C04000725F5 /* Resources */ = {
			isa = PBXResourcesBuildPhase;
			buildActionMask = 2147483647;
			files = (
			);
			runOnlyForDeploymentPostprocessing = 0;
		};
/* End PBXResourcesBuildPhase section */

/* Begin PBXSourcesBuildPhase section */
		2FDB38482AD27C02000725F5 /* Sources */ = {
			isa = PBXSourcesBuildPhase;
			buildActionMask = 2147483647;
			files = (
				2F71613B2AD49D8700A6EB5D /* api-configurations.swift in Sources */,
				2FBB0CA62B015C2C00F259EF /* RecordingManager.swift in Sources */,
				2FDB38592AD27C04000725F5 /* Persistence.swift in Sources */,
				2F71613F2AD49E3C00A6EB5D /* SecondScreen.swift in Sources */,
				2F71613D2AD49E0E00A6EB5D /* FirstScreen.swift in Sources */,
				2FBB0CA42B015AFF00F259EF /* AudioHelpers.swift in Sources */,
				2FDB38522AD27C02000725F5 /* ContentView.swift in Sources */,
				2FDB38502AD27C02000725F5 /* test_gptApp.swift in Sources */,
				2F02500A2B040599004DF219 /* MusicSelection.swift in Sources */,
				2FDB385C2AD27C04000725F5 /* test_gpt.xcdatamodeld in Sources */,
			);
			runOnlyForDeploymentPostprocessing = 0;
		};
		2FDB385F2AD27C04000725F5 /* Sources */ = {
			isa = PBXSourcesBuildPhase;
			buildActionMask = 2147483647;
			files = (
				2FDB38682AD27C04000725F5 /* test_gptTests.swift in Sources */,
			);
			runOnlyForDeploymentPostprocessing = 0;
		};
		2FDB38692AD27C04000725F5 /* Sources */ = {
			isa = PBXSourcesBuildPhase;
			buildActionMask = 2147483647;
			files = (
				2FDB38742AD27C04000725F5 /* test_gptUITestsLaunchTests.swift in Sources */,
				2FDB38722AD27C04000725F5 /* test_gptUITests.swift in Sources */,
			);
			runOnlyForDeploymentPostprocessing = 0;
		};
/* End PBXSourcesBuildPhase section */

/* Begin PBXTargetDependency section */
		2FDB38652AD27C04000725F5 /* PBXTargetDependency */ = {
			isa = PBXTargetDependency;
			target = 2FDB384B2AD27C02000725F5 /* test-gpt */;
			targetProxy = 2FDB38642AD27C04000725F5 /* PBXContainerItemProxy */;
		};
		2FDB386F2AD27C04000725F5 /* PBXTargetDependency */ = {
			isa = PBXTargetDependency;
			target = 2FDB384B2AD27C02000725F5 /* test-gpt */;
			targetProxy = 2FDB386E2AD27C04000725F5 /* PBXContainerItemProxy */;
		};
/* End PBXTargetDependency section */

/* Begin XCBuildConfiguration section */
		2FDB38752AD27C04000725F5 /* Debug */ = {
			isa = XCBuildConfiguration;
			buildSettings = {
				ALWAYS_SEARCH_USER_PATHS = NO;
				ASSETCATALOG_COMPILER_GENERATE_SWIFT_ASSET_SYMBOL_EXTENSIONS = YES;
				CLANG_ANALYZER_NONNULL = YES;
				CLANG_ANALYZER_NUMBER_OBJECT_CONVERSION = YES_AGGRESSIVE;
				CLANG_CXX_LANGUAGE_STANDARD = "gnu++20";
				CLANG_ENABLE_MODULES = YES;
				CLANG_ENABLE_OBJC_ARC = YES;
				CLANG_ENABLE_OBJC_WEAK = YES;
				CLANG_WARN_BLOCK_CAPTURE_AUTORELEASING = YES;
				CLANG_WARN_BOOL_CONVERSION = YES;
				CLANG_WARN_COMMA = YES;
				CLANG_WARN_CONSTANT_CONVERSION = YES;
				CLANG_WARN_DEPRECATED_OBJC_IMPLEMENTATIONS = YES;
				CLANG_WARN_DIRECT_OBJC_ISA_USAGE = YES_ERROR;
				CLANG_WARN_DOCUMENTATION_COMMENTS = YES;
				CLANG_WARN_EMPTY_BODY = YES;
				CLANG_WARN_ENUM_CONVERSION = YES;
				CLANG_WARN_INFINITE_RECURSION = YES;
				CLANG_WARN_INT_CONVERSION = YES;
				CLANG_WARN_NON_LITERAL_NULL_CONVERSION = YES;
				CLANG_WARN_OBJC_IMPLICIT_RETAIN_SELF = YES;
				CLANG_WARN_OBJC_LITERAL_CONVERSION = YES;
				CLANG_WARN_OBJC_ROOT_CLASS = YES_ERROR;
				CLANG_WARN_QUOTED_INCLUDE_IN_FRAMEWORK_HEADER = YES;
				CLANG_WARN_RANGE_LOOP_ANALYSIS = YES;
				CLANG_WARN_STRICT_PROTOTYPES = YES;
				CLANG_WARN_SUSPICIOUS_MOVE = YES;
				CLANG_WARN_UNGUARDED_AVAILABILITY = YES_AGGRESSIVE;
				CLANG_WARN_UNREACHABLE_CODE = YES;
				CLANG_WARN__DUPLICATE_METHOD_MATCH = YES;
				COPY_PHASE_STRIP = NO;
				DEBUG_INFORMATION_FORMAT = dwarf;
				ENABLE_STRICT_OBJC_MSGSEND = YES;
				ENABLE_TESTABILITY = YES;
				ENABLE_USER_SCRIPT_SANDBOXING = YES;
				GCC_C_LANGUAGE_STANDARD = gnu17;
				GCC_DYNAMIC_NO_PIC = NO;
				GCC_NO_COMMON_BLOCKS = YES;
				GCC_OPTIMIZATION_LEVEL = 0;
				GCC_PREPROCESSOR_DEFINITIONS = (
					"DEBUG=1",
					"$(inherited)",
				);
				GCC_WARN_64_TO_32_BIT_CONVERSION = YES;
				GCC_WARN_ABOUT_RETURN_TYPE = YES_ERROR;
				GCC_WARN_UNDECLARED_SELECTOR = YES;
				GCC_WARN_UNINITIALIZED_AUTOS = YES_AGGRESSIVE;
				GCC_WARN_UNUSED_FUNCTION = YES;
				GCC_WARN_UNUSED_VARIABLE = YES;
				IPHONEOS_DEPLOYMENT_TARGET = 17.0;
				LOCALIZATION_PREFERS_STRING_CATALOGS = YES;
				MTL_ENABLE_DEBUG_INFO = INCLUDE_SOURCE;
				MTL_FAST_MATH = YES;
				ONLY_ACTIVE_ARCH = YES;
				SDKROOT = iphoneos;
				SWIFT_ACTIVE_COMPILATION_CONDITIONS = "DEBUG $(inherited)";
				SWIFT_OPTIMIZATION_LEVEL = "-Onone";
			};
			name = Debug;
		};
		2FDB38762AD27C04000725F5 /* Release */ = {
			isa = XCBuildConfiguration;
			buildSettings = {
				ALWAYS_SEARCH_USER_PATHS = NO;
				ASSETCATALOG_COMPILER_GENERATE_SWIFT_ASSET_SYMBOL_EXTENSIONS = YES;
				CLANG_ANALYZER_NONNULL = YES;
				CLANG_ANALYZER_NUMBER_OBJECT_CONVERSION = YES_AGGRESSIVE;
				CLANG_CXX_LANGUAGE_STANDARD = "gnu++20";
				CLANG_ENABLE_MODULES = YES;
				CLANG_ENABLE_OBJC_ARC = YES;
				CLANG_ENABLE_OBJC_WEAK = YES;
				CLANG_WARN_BLOCK_CAPTURE_AUTORELEASING = YES;
				CLANG_WARN_BOOL_CONVERSION = YES;
				CLANG_WARN_COMMA = YES;
				CLANG_WARN_CONSTANT_CONVERSION = YES;
				CLANG_WARN_DEPRECATED_OBJC_IMPLEMENTATIONS = YES;
				CLANG_WARN_DIRECT_OBJC_ISA_USAGE = YES_ERROR;
				CLANG_WARN_DOCUMENTATION_COMMENTS = YES;
				CLANG_WARN_EMPTY_BODY = YES;
				CLANG_WARN_ENUM_CONVERSION = YES;
				CLANG_WARN_INFINITE_RECURSION = YES;
				CLANG_WARN_INT_CONVERSION = YES;
				CLANG_WARN_NON_LITERAL_NULL_CONVERSION = YES;
				CLANG_WARN_OBJC_IMPLICIT_RETAIN_SELF = YES;
				CLANG_WARN_OBJC_LITERAL_CONVERSION = YES;
				CLANG_WARN_OBJC_ROOT_CLASS = YES_ERROR;
				CLANG_WARN_QUOTED_INCLUDE_IN_FRAMEWORK_HEADER = YES;
				CLANG_WARN_RANGE_LOOP_ANALYSIS = YES;
				CLANG_WARN_STRICT_PROTOTYPES = YES;
				CLANG_WARN_SUSPICIOUS_MOVE = YES;
				CLANG_WARN_UNGUARDED_AVAILABILITY = YES_AGGRESSIVE;
				CLANG_WARN_UNREACHABLE_CODE = YES;
				CLANG_WARN__DUPLICATE_METHOD_MATCH = YES;
				COPY_PHASE_STRIP = NO;
				DEBUG_INFORMATION_FORMAT = "dwarf-with-dsym";
				ENABLE_NS_ASSERTIONS = NO;
				ENABLE_STRICT_OBJC_MSGSEND = YES;
				ENABLE_USER_SCRIPT_SANDBOXING = YES;
				GCC_C_LANGUAGE_STANDARD = gnu17;
				GCC_NO_COMMON_BLOCKS = YES;
				GCC_WARN_64_TO_32_BIT_CONVERSION = YES;
				GCC_WARN_ABOUT_RETURN_TYPE = YES_ERROR;
				GCC_WARN_UNDECLARED_SELECTOR = YES;
				GCC_WARN_UNINITIALIZED_AUTOS = YES_AGGRESSIVE;
				GCC_WARN_UNUSED_FUNCTION = YES;
				GCC_WARN_UNUSED_VARIABLE = YES;
				IPHONEOS_DEPLOYMENT_TARGET = 17.0;
				LOCALIZATION_PREFERS_STRING_CATALOGS = YES;
				MTL_ENABLE_DEBUG_INFO = NO;
				MTL_FAST_MATH = YES;
				SDKROOT = iphoneos;
				SWIFT_COMPILATION_MODE = wholemodule;
				VALIDATE_PRODUCT = YES;
			};
			name = Release;
		};
		2FDB38782AD27C04000725F5 /* Debug */ = {
			isa = XCBuildConfiguration;
			buildSettings = {
				ASSETCATALOG_COMPILER_APPICON_NAME = AppIcon;
				ASSETCATALOG_COMPILER_GLOBAL_ACCENT_COLOR_NAME = AccentColor;
				CODE_SIGN_ENTITLEMENTS = "test-gpt/test_gpt.entitlements";
				CODE_SIGN_STYLE = Automatic;
				CURRENT_PROJECT_VERSION = 1;
				DEVELOPMENT_ASSET_PATHS = "\"test-gpt/Preview Content\"";
				DEVELOPMENT_TEAM = 5A345X4X73;
				ENABLE_PREVIEWS = YES;
				GENERATE_INFOPLIST_FILE = YES;
				INFOPLIST_FILE = "test-gpt/Info.plist";
				INFOPLIST_KEY_UIApplicationSceneManifest_Generation = YES;
				INFOPLIST_KEY_UIApplicationSupportsIndirectInputEvents = YES;
				INFOPLIST_KEY_UILaunchScreen_Generation = YES;
				INFOPLIST_KEY_UISupportedInterfaceOrientations_iPad = "UIInterfaceOrientationPortrait UIInterfaceOrientationPortraitUpsideDown UIInterfaceOrientationLandscapeLeft UIInterfaceOrientationLandscapeRight";
				INFOPLIST_KEY_UISupportedInterfaceOrientations_iPhone = "UIInterfaceOrientationPortrait UIInterfaceOrientationLandscapeLeft UIInterfaceOrientationLandscapeRight";
				IPHONEOS_DEPLOYMENT_TARGET = 16.0;
				LD_RUNPATH_SEARCH_PATHS = (
					"$(inherited)",
					"@executable_path/Frameworks",
				);
				MARKETING_VERSION = 1.0;
				PRODUCT_BUNDLE_IDENTIFIER = "com.candid.test-gpt";
				PRODUCT_NAME = "$(TARGET_NAME)";
				SWIFT_EMIT_LOC_STRINGS = YES;
				SWIFT_VERSION = 5.0;
				TARGETED_DEVICE_FAMILY = "1,2";
			};
			name = Debug;
		};
		2FDB38792AD27C04000725F5 /* Release */ = {
			isa = XCBuildConfiguration;
			buildSettings = {
				ASSETCATALOG_COMPILER_APPICON_NAME = AppIcon;
				ASSETCATALOG_COMPILER_GLOBAL_ACCENT_COLOR_NAME = AccentColor;
				CODE_SIGN_ENTITLEMENTS = "test-gpt/test_gpt.entitlements";
				CODE_SIGN_STYLE = Automatic;
				CURRENT_PROJECT_VERSION = 1;
				DEVELOPMENT_ASSET_PATHS = "\"test-gpt/Preview Content\"";
				DEVELOPMENT_TEAM = 5A345X4X73;
				ENABLE_PREVIEWS = YES;
				GENERATE_INFOPLIST_FILE = YES;
				INFOPLIST_FILE = "test-gpt/Info.plist";
				INFOPLIST_KEY_UIApplicationSceneManifest_Generation = YES;
				INFOPLIST_KEY_UIApplicationSupportsIndirectInputEvents = YES;
				INFOPLIST_KEY_UILaunchScreen_Generation = YES;
				INFOPLIST_KEY_UISupportedInterfaceOrientations_iPad = "UIInterfaceOrientationPortrait UIInterfaceOrientationPortraitUpsideDown UIInterfaceOrientationLandscapeLeft UIInterfaceOrientationLandscapeRight";
				INFOPLIST_KEY_UISupportedInterfaceOrientations_iPhone = "UIInterfaceOrientationPortrait UIInterfaceOrientationLandscapeLeft UIInterfaceOrientationLandscapeRight";
				IPHONEOS_DEPLOYMENT_TARGET = 16.0;
				LD_RUNPATH_SEARCH_PATHS = (
					"$(inherited)",
					"@executable_path/Frameworks",
				);
				MARKETING_VERSION = 1.0;
				PRODUCT_BUNDLE_IDENTIFIER = "com.candid.test-gpt";
				PRODUCT_NAME = "$(TARGET_NAME)";
				SWIFT_EMIT_LOC_STRINGS = YES;
				SWIFT_VERSION = 5.0;
				TARGETED_DEVICE_FAMILY = "1,2";
			};
			name = Release;
		};
		2FDB387B2AD27C04000725F5 /* Debug */ = {
			isa = XCBuildConfiguration;
			buildSettings = {
				ALWAYS_EMBED_SWIFT_STANDARD_LIBRARIES = YES;
				BUNDLE_LOADER = "$(TEST_HOST)";
				CODE_SIGN_STYLE = Automatic;
				CURRENT_PROJECT_VERSION = 1;
				DEVELOPMENT_TEAM = 5A345X4X73;
				GENERATE_INFOPLIST_FILE = YES;
				IPHONEOS_DEPLOYMENT_TARGET = 17.0;
				MARKETING_VERSION = 1.0;
				PRODUCT_BUNDLE_IDENTIFIER = "com.candid.test-gptTests";
				PRODUCT_NAME = "$(TARGET_NAME)";
				SWIFT_EMIT_LOC_STRINGS = NO;
				SWIFT_VERSION = 5.0;
				TARGETED_DEVICE_FAMILY = "1,2";
				TEST_HOST = "$(BUILT_PRODUCTS_DIR)/test-gpt.app/$(BUNDLE_EXECUTABLE_FOLDER_PATH)/test-gpt";
			};
			name = Debug;
		};
		2FDB387C2AD27C04000725F5 /* Release */ = {
			isa = XCBuildConfiguration;
			buildSettings = {
				ALWAYS_EMBED_SWIFT_STANDARD_LIBRARIES = YES;
				BUNDLE_LOADER = "$(TEST_HOST)";
				CODE_SIGN_STYLE = Automatic;
				CURRENT_PROJECT_VERSION = 1;
				DEVELOPMENT_TEAM = 5A345X4X73;
				GENERATE_INFOPLIST_FILE = YES;
				IPHONEOS_DEPLOYMENT_TARGET = 17.0;
				MARKETING_VERSION = 1.0;
				PRODUCT_BUNDLE_IDENTIFIER = "com.candid.test-gptTests";
				PRODUCT_NAME = "$(TARGET_NAME)";
				SWIFT_EMIT_LOC_STRINGS = NO;
				SWIFT_VERSION = 5.0;
				TARGETED_DEVICE_FAMILY = "1,2";
				TEST_HOST = "$(BUILT_PRODUCTS_DIR)/test-gpt.app/$(BUNDLE_EXECUTABLE_FOLDER_PATH)/test-gpt";
			};
			name = Release;
		};
		2FDB387E2AD27C04000725F5 /* Debug */ = {
			isa = XCBuildConfiguration;
			buildSettings = {
				ALWAYS_EMBED_SWIFT_STANDARD_LIBRARIES = YES;
				CODE_SIGN_STYLE = Automatic;
				CURRENT_PROJECT_VERSION = 1;
				DEVELOPMENT_TEAM = 5A345X4X73;
				GENERATE_INFOPLIST_FILE = YES;
				MARKETING_VERSION = 1.0;
				PRODUCT_BUNDLE_IDENTIFIER = "com.candid.test-gptUITests";
				PRODUCT_NAME = "$(TARGET_NAME)";
				SWIFT_EMIT_LOC_STRINGS = NO;
				SWIFT_VERSION = 5.0;
				TARGETED_DEVICE_FAMILY = "1,2";
				TEST_TARGET_NAME = "test-gpt";
			};
			name = Debug;
		};
		2FDB387F2AD27C04000725F5 /* Release */ = {
			isa = XCBuildConfiguration;
			buildSettings = {
				ALWAYS_EMBED_SWIFT_STANDARD_LIBRARIES = YES;
				CODE_SIGN_STYLE = Automatic;
				CURRENT_PROJECT_VERSION = 1;
				DEVELOPMENT_TEAM = 5A345X4X73;
				GENERATE_INFOPLIST_FILE = YES;
				MARKETING_VERSION = 1.0;
				PRODUCT_BUNDLE_IDENTIFIER = "com.candid.test-gptUITests";
				PRODUCT_NAME = "$(TARGET_NAME)";
				SWIFT_EMIT_LOC_STRINGS = NO;
				SWIFT_VERSION = 5.0;
				TARGETED_DEVICE_FAMILY = "1,2";
				TEST_TARGET_NAME = "test-gpt";
			};
			name = Release;
		};
/* End XCBuildConfiguration section */

/* Begin XCConfigurationList section */
		2FDB38472AD27C02000725F5 /* Build configuration list for PBXProject "test-gpt" */ = {
			isa = XCConfigurationList;
			buildConfigurations = (
				2FDB38752AD27C04000725F5 /* Debug */,
				2FDB38762AD27C04000725F5 /* Release */,
			);
			defaultConfigurationIsVisible = 0;
			defaultConfigurationName = Release;
		};
		2FDB38772AD27C04000725F5 /* Build configuration list for PBXNativeTarget "test-gpt" */ = {
			isa = XCConfigurationList;
			buildConfigurations = (
				2FDB38782AD27C04000725F5 /* Debug */,
				2FDB38792AD27C04000725F5 /* Release */,
			);
			defaultConfigurationIsVisible = 0;
			defaultConfigurationName = Release;
		};
		2FDB387A2AD27C04000725F5 /* Build configuration list for PBXNativeTarget "test-gptTests" */ = {
			isa = XCConfigurationList;
			buildConfigurations = (
				2FDB387B2AD27C04000725F5 /* Debug */,
				2FDB387C2AD27C04000725F5 /* Release */,
			);
			defaultConfigurationIsVisible = 0;
			defaultConfigurationName = Release;
		};
		2FDB387D2AD27C04000725F5 /* Build configuration list for PBXNativeTarget "test-gptUITests" */ = {
			isa = XCConfigurationList;
			buildConfigurations = (
				2FDB387E2AD27C04000725F5 /* Debug */,
				2FDB387F2AD27C04000725F5 /* Release */,
			);
			defaultConfigurationIsVisible = 0;
			defaultConfigurationName = Release;
		};
/* End XCConfigurationList section */

/* Begin XCRemoteSwiftPackageReference section */
		2F8B92662AD5A88A00609C80 /* XCRemoteSwiftPackageReference "SwiftWhisper" */ = {
			isa = XCRemoteSwiftPackageReference;
			repositoryURL = "https://github.com/exPHAT/SwiftWhisper";
			requirement = {
				kind = upToNextMajorVersion;
				minimumVersion = 1.2.0;
			};
		};
		2FD363062AD479F200B9EBF3 /* XCRemoteSwiftPackageReference "ElevenlabsSwift" */ = {
			isa = XCRemoteSwiftPackageReference;
			repositoryURL = "https://github.com/ArchieGoodwin/ElevenlabsSwift";
			requirement = {
				kind = upToNextMajorVersion;
				minimumVersion = 0.7.5;
			};
		};
		2FDB38802AD2804F000725F5 /* XCRemoteSwiftPackageReference "OpenAI" */ = {
			isa = XCRemoteSwiftPackageReference;
			repositoryURL = "https://github.com/MacPaw/OpenAI.git";
			requirement = {
				kind = upToNextMajorVersion;
				minimumVersion = 0.2.4;
			};
		};
/* End XCRemoteSwiftPackageReference section */

/* Begin XCSwiftPackageProductDependency section */
		2F8B92672AD5A88A00609C80 /* SwiftWhisper */ = {
			isa = XCSwiftPackageProductDependency;
			package = 2F8B92662AD5A88A00609C80 /* XCRemoteSwiftPackageReference "SwiftWhisper" */;
			productName = SwiftWhisper;
		};
		2FD363072AD479F200B9EBF3 /* ElevenlabsSwift */ = {
			isa = XCSwiftPackageProductDependency;
			package = 2FD363062AD479F200B9EBF3 /* XCRemoteSwiftPackageReference "ElevenlabsSwift" */;
			productName = ElevenlabsSwift;
		};
		2FDB38812AD2804F000725F5 /* OpenAI */ = {
			isa = XCSwiftPackageProductDependency;
			package = 2FDB38802AD2804F000725F5 /* XCRemoteSwiftPackageReference "OpenAI" */;
			productName = OpenAI;
		};
/* End XCSwiftPackageProductDependency section */

/* Begin XCVersionGroup section */
		2FDB385A2AD27C04000725F5 /* test_gpt.xcdatamodeld */ = {
			isa = XCVersionGroup;
			children = (
				2FDB385B2AD27C04000725F5 /* test_gpt.xcdatamodel */,
			);
			currentVersion = 2FDB385B2AD27C04000725F5 /* test_gpt.xcdatamodel */;
			path = test_gpt.xcdatamodeld;
			sourceTree = "<group>";
			versionGroupType = wrapper.xcdatamodel;
		};
/* End XCVersionGroup section */
	};
	rootObject = 2FDB38442AD27C02000725F5 /* Project object */;
}
